
Microsoft Visual Studio Solution File, Format Version 12.00
# Visual Studio Version 17
VisualStudioVersion = 17.3.32929.385
MinimumVisualStudioVersion = 10.0.40219.1
Project("{FAE04EC0-301F-11D3-BF4B-00C04F79EFBC}") = "TrialMVC", "TrialMVC.csproj", "{BCEF8342-3EBC-4A7D-A92C-E2124E012CDD}"
EndProject
Global
	GlobalSection(SolutionConfigurationPlatforms) = preSolution
		Debug|Any CPU = Debug|Any CPU
		Release|Any CPU = Release|Any CPU
	EndGlobalSection
	GlobalSection(ProjectConfigurationPlatforms) = postSolution
		{BCEF8342-3EBC-4A7D-A92C-E2124E012CDD}.Debug|Any CPU.ActiveCfg = Debug|Any CPU
		{BCEF8342-3EBC-4A7D-A92C-E2124E012CDD}.Debug|Any CPU.Build.0 = Debug|Any CPU
		{BCEF8342-3EBC-4A7D-A92C-E2124E012CDD}.Release|Any CPU.ActiveCfg = Release|Any CPU
		{BCEF8342-3EBC-4A7D-A92C-E2124E012CDD}.Release|Any CPU.Build.0 = Release|Any CPU
	EndGlobalSection
	GlobalSection(SolutionProperties) = preSolution
		HideSolutionNode = FALSE
	EndGlobalSection
	GlobalSection(ExtensibilityGlobals) = postSolution
		SolutionGuid = {0ACAB60D-94C1-4497-8373-A2006336D134}
	EndGlobalSection
EndGlobal
